
Microsoft Visual Studio Solution File, Format Version 12.00
# Visual Studio Version 16
VisualStudioVersion = 16.0.31515.178
MinimumVisualStudioVersion = 10.0.40219.1
Project("{FAE04EC0-301F-11D3-BF4B-00C04F79EFBC}") = "TrashCleaner", "TrashCleaner.csproj", "{9BA969A3-50C4-4067-B520-415AC515854C}"
EndProject
Project("{FAE04EC0-301F-11D3-BF4B-00C04F79EFBC}") = "JsonReaderLibraryFW", "..\..\Libraries\JsonReaderLibraryFW\JsonReaderLibraryFW\JsonReaderLibraryFW.csproj", "{97EB8DB5-5952-4078-961E-2E4FA2317B05}"
EndProject
Global
	GlobalSection(SolutionConfigurationPlatforms) = preSolution
		Debug|Any CPU = Debug|Any CPU
		Release|Any CPU = Release|Any CPU
	EndGlobalSection
	GlobalSection(ProjectConfigurationPlatforms) = postSolution
		{9BA969A3-50C4-4067-B520-415AC515854C}.Debug|Any CPU.ActiveCfg = Debug|Any CPU
		{9BA969A3-50C4-4067-B520-415AC515854C}.Debug|Any CPU.Build.0 = Debug|Any CPU
		{9BA969A3-50C4-4067-B520-415AC515854C}.Release|Any CPU.ActiveCfg = Release|Any CPU
		{9BA969A3-50C4-4067-B520-415AC515854C}.Release|Any CPU.Build.0 = Release|Any CPU
		{97EB8DB5-5952-4078-961E-2E4FA2317B05}.Debug|Any CPU.ActiveCfg = Debug|Any CPU
		{97EB8DB5-5952-4078-961E-2E4FA2317B05}.Debug|Any CPU.Build.0 = Debug|Any CPU
		{97EB8DB5-5952-4078-961E-2E4FA2317B05}.Release|Any CPU.ActiveCfg = Release|Any CPU
		{97EB8DB5-5952-4078-961E-2E4FA2317B05}.Release|Any CPU.Build.0 = Release|Any CPU
	EndGlobalSection
	GlobalSection(SolutionProperties) = preSolution
		HideSolutionNode = FALSE
	EndGlobalSection
	GlobalSection(ExtensibilityGlobals) = postSolution
		SolutionGuid = {7719ECEE-8225-4CF3-B133-F70784DDA839}
	EndGlobalSection
EndGlobal
